{
  "requires": true,
  "lockfileVersion": 1,
  "dependencies": {
    "16": {
      "version": "0.0.2",
      "resolved": "https://registry.npmjs.org/16/-/16-0.0.2.tgz",
      "integrity": "sha512-AhG4lpdn+/it+U5Xl1bm5SbaHYTH5NfU/vXZkP7E7CHjtVtITuFVZKa3AZP3gN38RDJHYYtEqWmqzCutlXaR7w==",
      "requires": {
        "numeric": "^1.2.6"
      }
    },
    "node": {
      "version": "18.9.0",
      "resolved": "https://registry.npmjs.org/node/-/node-18.9.0.tgz",
      "integrity": "sha512-s+JrNt8qOeV2Uci4aYs7jsFSRXgko7jThozysqeZ2bJGp3PGaBKA+kpCCP+TDrg4TRcTLyw3bcHCJx9drxTQtQ==",
      "requires": {
        "node-bin-setup": "^1.0.0"
      }
    },
    "node-bin-setup": {
      "version": "1.1.0",
      "resolved": "https://registry.npmjs.org/node-bin-setup/-/node-bin-setup-1.1.0.tgz",
      "integrity": "sha512-pTeU6NgUrexiLNtd+AKwvg6cngHMvj5FZ5e2bbv2ogBSIc9yhkXSSaTScfSRZnwHIh5YFmYSYlemLWkiKD7rog=="
    },
    "nodejs": {
      "version": "0.0.0",
      "resolved": "https://registry.npmjs.org/nodejs/-/nodejs-0.0.0.tgz",
      "integrity": "sha512-1V+0HwaB/dhxzidEFc4uJ3k52gLI4B6YBZgJIofjwYCSAkD6CI0me6TDBT2QM2nbGWNxCHcq9/wVynzQYZOhUg=="
    },
    "numeric": {
      "version": "1.2.6",
      "resolved": "https://registry.npmjs.org/numeric/-/numeric-1.2.6.tgz",
      "integrity": "sha512-avBiDAP8siMa7AfJgYyuxw1oyII4z2sswS23+O+ZfV28KrtNzy0wxUFwi4f3RyM4eeeXNs1CThxR7pb5QQcMiw=="
    }
  }
}
